PODS:
  - Flutter (1.0.0)
  - sensing_plugin (0.0.1):
    - Flutter

DEPENDENCIES:
  - Flutter (from `Flutter`)
  - sensing_plugin (from `.symlinks/plugins/sensing_plugin/ios`)

EXTERNAL SOURCES:
  Flutter:
    :path: Flutter
  sensing_plugin:
    :path: ".symlinks/plugins/sensing_plugin/ios"

SPEC CHECKSUMS:
  Flutter: f04841e97a9d0b0a8025694d0796dd46242b2854
  sensing_plugin: fdc880fae7dd35170172e1b37b74a72dd4899561

PODFILE CHECKSUM: 6c6efca674c392f5a91935942d6083512fb1f249

COCOAPODS: 1.11.3
